
Microsoft Visual Studio Solution File, Format Version 11.00
# Visual Studio 2010
Project("{FAE04EC0-301F-11D3-BF4B-00C04F79EFBC}") = "Coffee", "Coffee\Coffee.csproj", "{051427C8-B05F-4156-81C5-489B25294AA8}"
EndProject
Global
	GlobalSection(SolutionConfigurationPlatforms) = preSolution
		Debug|x86 = Debug|x86
		Release|x86 = Release|x86
	EndGlobalSection
	GlobalSection(ProjectConfigurationPlatforms) = postSolution
		{051427C8-B05F-4156-81C5-489B25294AA8}.Debug|x86.ActiveCfg = Debug|x86
		{051427C8-B05F-4156-81C5-489B25294AA8}.Debug|x86.Build.0 = Debug|x86
		{051427C8-B05F-4156-81C5-489B25294AA8}.Release|x86.ActiveCfg = Release|x86
		{051427C8-B05F-4156-81C5-489B25294AA8}.Release|x86.Build.0 = Release|x86
	EndGlobalSection
	GlobalSection(MonoDevelopProperties) = preSolution
		StartupItem = Coffee\Coffee.csproj
	EndGlobalSection
EndGlobal
